// !$*UTF8*$!
{ archiveVersion = 1; classes = {}; objectVersion = 56; objects = {
AE0042EC290704DA7E641B97 = { isa = "PBXFileReference"; explicitFileType = "wrapper.application"; path = "OpenWorkRemote.app"; sourceTree = "BUILT_PRODUCTS_DIR"; };
E7F08BCC397888750F5CB9BD = { isa = "PBXFileReference"; explicitFileType = "wrapper.cfbundle"; path = "OpenWorkRemoteUITests.xctest"; sourceTree = "BUILT_PRODUCTS_DIR"; };
8B6E13812011A4A70BA10A6C = { isa = "PBXFileReference"; lastKnownFileType = "sourcecode.swift"; path = "OpenWorkRemote/App/AppModel.swift"; sourceTree = "<group>"; };
E76163BDE0FFAFAB5852C894 = { isa = "PBXBuildFile"; fileRef = "8B6E13812011A4A70BA10A6C"; };
E73332234A12810229140EDA = { isa = "PBXFileReference"; lastKnownFileType = "sourcecode.swift"; path = "OpenWorkRemote/App/ChatUITestFixture.swift"; sourceTree = "<group>"; };
F49968CE666708AAC098152B = { isa = "PBXBuildFile"; fileRef = "E73332234A12810229140EDA"; };
A156D95484180AF01D7B14A1 = { isa = "PBXFileReference"; lastKnownFileType = "sourcecode.swift"; path = "OpenWorkRemote/App/OpenWorkRemoteApp.swift"; sourceTree = "<group>"; };
13055C3AB42E2CF2F132D1E3 = { isa = "PBXBuildFile"; fileRef = "A156D95484180AF01D7B14A1"; };
75561AEA760CC4E0294D428B = { isa = "PBXFileReference"; lastKnownFileType = "sourcecode.swift"; path = "OpenWorkRemote/App/SkillUITestFixture.swift"; sourceTree = "<group>"; };
B8445F688997EAC3A9273EE4 = { isa = "PBXBuildFile"; fileRef = "75561AEA760CC4E0294D428B"; };
7F8C31E186FF0E79FD5AC971 = { isa = "PBXFileReference"; lastKnownFileType = "sourcecode.swift"; path = "OpenWorkRemote/Design/Theme.swift"; sourceTree = "<group>"; };
92CA09F9C1B63743B4A9FE7A = { isa = "PBXBuildFile"; fileRef = "7F8C31E186FF0E79FD5AC971"; };
10E69CE0A696F4B60FF3236B = { isa = "PBXFileReference"; lastKnownFileType = "sourcecode.swift"; path = "OpenWorkRemote/Diagnostics/InteractionMetrics.swift"; sourceTree = "<group>"; };
DE811E0CF8EB5A6667FE1CBA = { isa = "PBXBuildFile"; fileRef = "10E69CE0A696F4B60FF3236B"; };
44EB5B5F9BB83051600D4B3F = { isa = "PBXFileReference"; lastKnownFileType = "sourcecode.swift"; path = "OpenWorkRemote/Features/About/AboutView.swift"; sourceTree = "<group>"; };
AA3A5213BB476FFBBA926FED = { isa = "PBXBuildFile"; fileRef = "44EB5B5F9BB83051600D4B3F"; };
80C9A5C0D2C40A0A706A70F8 = { isa = "PBXFileReference"; lastKnownFileType = "sourcecode.swift"; path = "OpenWorkRemote/Features/About/HelpView.swift"; sourceTree = "<group>"; };
5EC364F3C3EBAB1865FA9506 = { isa = "PBXBuildFile"; fileRef = "80C9A5C0D2C40A0A706A70F8"; };
598F157BD1860D4DFD614ACA = { isa = "PBXFileReference"; lastKnownFileType = "sourcecode.swift"; path = "OpenWorkRemote/Features/About/LegalDocumentView.swift"; sourceTree = "<group>"; };
4B281FEF3A01271A4C4D97A2 = { isa = "PBXBuildFile"; fileRef = "598F157BD1860D4DFD614ACA"; };
D8BF931EDBB585CA3391B065 = { isa = "PBXFileReference"; lastKnownFileType = "sourcecode.swift"; path = "OpenWorkRemote/Features/Approvals/ApprovalSheet.swift"; sourceTree = "<group>"; };
FC687820995407C8338BD784 = { isa = "PBXBuildFile"; fileRef = "D8BF931EDBB585CA3391B065"; };
7F4D7F5665E22DFFECBBB1E2 = { isa = "PBXFileReference"; lastKnownFileType = "sourcecode.swift"; path = "OpenWorkRemote/Features/Artifacts/ArtifactListView.swift"; sourceTree = "<group>"; };
4E2C93C166351DFDF8B3AA41 = { isa = "PBXBuildFile"; fileRef = "7F4D7F5665E22DFFECBBB1E2"; };
BC64145AA51BCE0C50D8EBCE = { isa = "PBXFileReference"; lastKnownFileType = "sourcecode.swift"; path = "OpenWorkRemote/Features/Artifacts/ArtifactPreview.swift"; sourceTree = "<group>"; };
9C17A7F591FE5C0AB36C53E1 = { isa = "PBXBuildFile"; fileRef = "BC64145AA51BCE0C50D8EBCE"; };
BEFCBF1CE612720B01943EED = { isa = "PBXFileReference"; lastKnownFileType = "sourcecode.swift"; path = "OpenWorkRemote/Features/Artifacts/ArtifactShareSheet.swift"; sourceTree = "<group>"; };
D47973672C4E22C557B64DB9 = { isa = "PBXBuildFile"; fileRef = "BEFCBF1CE612720B01943EED"; };
9D1DFBB967D07B4929D06785 = { isa = "PBXFileReference"; lastKnownFileType = "sourcecode.swift"; path = "OpenWorkRemote/Features/Attachments/AttachmentPicker.swift"; sourceTree = "<group>"; };
68709D48AE480E6CC8DE2C81 = { isa = "PBXBuildFile"; fileRef = "9D1DFBB967D07B4929D06785"; };
99DD85F308EEEBDBE01A069E = { isa = "PBXFileReference"; lastKnownFileType = "sourcecode.swift"; path = "OpenWorkRemote/Features/Changes/ChangesView.swift"; sourceTree = "<group>"; };
52AA0E605F1E12690EE84335 = { isa = "PBXBuildFile"; fileRef = "99DD85F308EEEBDBE01A069E"; };
716E3C399EBE34323F8C6391 = { isa = "PBXFileReference"; lastKnownFileType = "sourcecode.swift"; path = "OpenWorkRemote/Features/Changes/DiffView.swift"; sourceTree = "<group>"; };
538A7095559E2DD13CFD50D3 = { isa = "PBXBuildFile"; fileRef = "716E3C399EBE34323F8C6391"; };
01077A6323C4ECDC68FDE5EB = { isa = "PBXFileReference"; lastKnownFileType = "sourcecode.swift"; path = "OpenWorkRemote/Features/Chats/ChatActions.swift"; sourceTree = "<group>"; };
497D16776424CD74E6E5C4F6 = { isa = "PBXBuildFile"; fileRef = "01077A6323C4ECDC68FDE5EB"; };
B11070435E4DAB72830CAF91 = { isa = "PBXFileReference"; lastKnownFileType = "sourcecode.swift"; path = "OpenWorkRemote/Features/Chats/ChatListView.swift"; sourceTree = "<group>"; };
17468F0AAA8077FDD5DCA622 = { isa = "PBXBuildFile"; fileRef = "B11070435E4DAB72830CAF91"; };
DA0190A8D7256AF2597055DD = { isa = "PBXFileReference"; lastKnownFileType = "sourcecode.swift"; path = "OpenWorkRemote/Features/Chats/ChatSearchView.swift"; sourceTree = "<group>"; };
4ABDB4CF05A182E9EF0DF9A4 = { isa = "PBXBuildFile"; fileRef = "DA0190A8D7256AF2597055DD"; };
B79A5F2E04862D107CF5832D = { isa = "PBXFileReference"; lastKnownFileType = "sourcecode.swift"; path = "OpenWorkRemote/Features/Chats/ChatView.swift"; sourceTree = "<group>"; };
6C47C87EAF3D02E42E68F380 = { isa = "PBXBuildFile"; fileRef = "B79A5F2E04862D107CF5832D"; };
8331B2A7FD35DF072F2B3A11 = { isa = "PBXFileReference"; lastKnownFileType = "sourcecode.swift"; path = "OpenWorkRemote/Features/Chats/CompactActivityView.swift"; sourceTree = "<group>"; };
CB720E785CD0473A08F4A412 = { isa = "PBXBuildFile"; fileRef = "8331B2A7FD35DF072F2B3A11"; };
310B0CB33772C9C7C7D85240 = { isa = "PBXFileReference"; lastKnownFileType = "sourcecode.swift"; path = "OpenWorkRemote/Features/Chats/ComposerView.swift"; sourceTree = "<group>"; };
582B7696C72646E8BA90608A = { isa = "PBXBuildFile"; fileRef = "310B0CB33772C9C7C7D85240"; };
7CA52B9965B69E1B1978381C = { isa = "PBXFileReference"; lastKnownFileType = "sourcecode.swift"; path = "OpenWorkRemote/Features/Chats/MessageView.swift"; sourceTree = "<group>"; };
8E50EA3672683D92AFE4B174 = { isa = "PBXBuildFile"; fileRef = "7CA52B9965B69E1B1978381C"; };
7E965FA6C6996D1EA8C4B45E = { isa = "PBXFileReference"; lastKnownFileType = "sourcecode.swift"; path = "OpenWorkRemote/Features/Chats/RenameChatView.swift"; sourceTree = "<group>"; };
4BA319342C68A27E8BBB0BC4 = { isa = "PBXBuildFile"; fileRef = "7E965FA6C6996D1EA8C4B45E"; };
BC8262A7965200F7A25DC50D = { isa = "PBXFileReference"; lastKnownFileType = "sourcecode.swift"; path = "OpenWorkRemote/Features/Groups/GroupEditor.swift"; sourceTree = "<group>"; };
934D162F65D58DE1A470398B = { isa = "PBXBuildFile"; fileRef = "BC8262A7965200F7A25DC50D"; };
46D181C62B887F4DB8CEC163 = { isa = "PBXFileReference"; lastKnownFileType = "sourcecode.swift"; path = "OpenWorkRemote/Features/Onboarding/HostSetupView.swift"; sourceTree = "<group>"; };
4EDAF07F0E00D3506AEEAE03 = { isa = "PBXBuildFile"; fileRef = "46D181C62B887F4DB8CEC163"; };
F10F19182C7CABB2486362CB = { isa = "PBXFileReference"; lastKnownFileType = "sourcecode.swift"; path = "OpenWorkRemote/Features/Onboarding/PairingView.swift"; sourceTree = "<group>"; };
081ECC5DEB08AF601C3F81FC = { isa = "PBXBuildFile"; fileRef = "F10F19182C7CABB2486362CB"; };
0FD0129190225455515768F9 = { isa = "PBXFileReference"; lastKnownFileType = "sourcecode.swift"; path = "OpenWorkRemote/Features/Onboarding/QRScanner.swift"; sourceTree = "<group>"; };
06A5E290548A5EEE5B19329C = { isa = "PBXBuildFile"; fileRef = "0FD0129190225455515768F9"; };
9E61C7E515E61035BAC4C36B = { isa = "PBXFileReference"; lastKnownFileType = "sourcecode.swift"; path = "OpenWorkRemote/Features/Onboarding/WelcomeView.swift"; sourceTree = "<group>"; };
952A89754BAC75DEA595A8D2 = { isa = "PBXBuildFile"; fileRef = "9E61C7E515E61035BAC4C36B"; };
688ADF2A74CE5680123982C1 = { isa = "PBXFileReference"; lastKnownFileType = "sourcecode.swift"; path = "OpenWorkRemote/Features/Onboarding/WorkspacePicker.swift"; sourceTree = "<group>"; };
CE13AF41D9655A89E98B89BA = { isa = "PBXBuildFile"; fileRef = "688ADF2A74CE5680123982C1"; };
5F362D95FB2BA40A4B5863DF = { isa = "PBXFileReference"; lastKnownFileType = "sourcecode.swift"; path = "OpenWorkRemote/Features/Questions/QuestionSheet.swift"; sourceTree = "<group>"; };
335DB5ED7CC70BE949666AFF = { isa = "PBXBuildFile"; fileRef = "5F362D95FB2BA40A4B5863DF"; };
D9466A0A9BCEBDE010EEE722 = { isa = "PBXFileReference"; lastKnownFileType = "sourcecode.swift"; path = "OpenWorkRemote/Features/Settings/ConnectionView.swift"; sourceTree = "<group>"; };
BF3E7A017EA46DE0426E56A8 = { isa = "PBXBuildFile"; fileRef = "D9466A0A9BCEBDE010EEE722"; };
FAE7985E68EC496C3FD3AB48 = { isa = "PBXFileReference"; lastKnownFileType = "sourcecode.swift"; path = "OpenWorkRemote/Features/Settings/DataControlsView.swift"; sourceTree = "<group>"; };
9ED7297A8729F3899B7E645A = { isa = "PBXBuildFile"; fileRef = "FAE7985E68EC496C3FD3AB48"; };
88832AC425B3AB3AC66CB18D = { isa = "PBXFileReference"; lastKnownFileType = "sourcecode.swift"; path = "OpenWorkRemote/Features/Settings/ModelSettingsView.swift"; sourceTree = "<group>"; };
B938B451704390A0F33B1D7E = { isa = "PBXBuildFile"; fileRef = "88832AC425B3AB3AC66CB18D"; };
20C21992783FAB5ABDE5DB55 = { isa = "PBXFileReference"; lastKnownFileType = "sourcecode.swift"; path = "OpenWorkRemote/Features/Settings/PermissionsView.swift"; sourceTree = "<group>"; };
B5CC56D186E85231E01F6EFD = { isa = "PBXBuildFile"; fileRef = "20C21992783FAB5ABDE5DB55"; };
E184740B69F4C626CF1785F5 = { isa = "PBXFileReference"; lastKnownFileType = "sourcecode.swift"; path = "OpenWorkRemote/Features/Settings/RevokedConnectionView.swift"; sourceTree = "<group>"; };
93A029967527221F0A91E46E = { isa = "PBXBuildFile"; fileRef = "E184740B69F4C626CF1785F5"; };
952647FC2D267631BB345129 = { isa = "PBXFileReference"; lastKnownFileType = "sourcecode.swift"; path = "OpenWorkRemote/Features/Settings/WorkspaceDefaultsView.swift"; sourceTree = "<group>"; };
ABEE9EB6755E88DEC81D377D = { isa = "PBXBuildFile"; fileRef = "952647FC2D267631BB345129"; };
5C74CF2D51A5D90F10023232 = { isa = "PBXFileReference"; lastKnownFileType = "sourcecode.swift"; path = "OpenWorkRemote/Features/Skills/SkillDetailView.swift"; sourceTree = "<group>"; };
18B365F0AA1C296D102E7DF5 = { isa = "PBXBuildFile"; fileRef = "5C74CF2D51A5D90F10023232"; };
EEA54B7692A9BCDBA88EFA13 = { isa = "PBXFileReference"; lastKnownFileType = "sourcecode.swift"; path = "OpenWorkRemote/Features/Skills/SkillEditor.swift"; sourceTree = "<group>"; };
35B1F8041EBFE0CF49C90663 = { isa = "PBXBuildFile"; fileRef = "EEA54B7692A9BCDBA88EFA13"; };
7AA93D6229669C55446DE75F = { isa = "PBXFileReference"; lastKnownFileType = "sourcecode.swift"; path = "OpenWorkRemote/Features/Skills/SkillListView.swift"; sourceTree = "<group>"; };
5D3243945D042875EBF8FF5D = { isa = "PBXBuildFile"; fileRef = "7AA93D6229669C55446DE75F"; };
9FEC48145A20EDFDDB24FF54 = { isa = "PBXFileReference"; lastKnownFileType = "text.xml"; path = "OpenWorkRemote/PrivacyInfo.xcprivacy"; sourceTree = "<group>"; };
0C3DB3244FEE22230E838243 = { isa = "PBXBuildFile"; fileRef = "9FEC48145A20EDFDDB24FF54"; };
82DA4BA06658D57FDB85AF08 = { isa = "PBXFileReference"; lastKnownFileType = "sourcecode.swift"; path = "OpenWorkRemote/Rendering/MarkdownView.swift"; sourceTree = "<group>"; };
824CAD1871516CC41AE381A2 = { isa = "PBXBuildFile"; fileRef = "82DA4BA06658D57FDB85AF08"; };
39E654611431EBCD13DB57B7 = { isa = "PBXFileReference"; lastKnownFileType = "sourcecode.swift"; path = "OpenWorkRemote/State/Artifacts/ArtifactStore.swift"; sourceTree = "<group>"; };
E7A6EC4CF6885599E38A17A5 = { isa = "PBXBuildFile"; fileRef = "39E654611431EBCD13DB57B7"; };
BCB4B56DFC02CD1B965AC295 = { isa = "PBXFileReference"; lastKnownFileType = "sourcecode.swift"; path = "OpenWorkRemote/State/Attachments/AttachmentStore.swift"; sourceTree = "<group>"; };
AB86E1942852858CDE264916 = { isa = "PBXBuildFile"; fileRef = "BCB4B56DFC02CD1B965AC295"; };
E50E7B6B199C63EC46E66ED1 = { isa = "PBXFileReference"; lastKnownFileType = "sourcecode.swift"; path = "OpenWorkRemote/State/Changes/ChangeStore.swift"; sourceTree = "<group>"; };
626122DFF77C0209037EA08D = { isa = "PBXBuildFile"; fileRef = "E50E7B6B199C63EC46E66ED1"; };
91CAA5229F9FDA531A821679 = { isa = "PBXFileReference"; lastKnownFileType = "sourcecode.swift"; path = "OpenWorkRemote/State/Chats/ChatActionStore.swift"; sourceTree = "<group>"; };
1A634B55E61727030F486B6A = { isa = "PBXBuildFile"; fileRef = "91CAA5229F9FDA531A821679"; };
BA052EE83295E2210D68BF00 = { isa = "PBXFileReference"; lastKnownFileType = "sourcecode.swift"; path = "OpenWorkRemote/State/Chats/ChatSearchStore.swift"; sourceTree = "<group>"; };
C481447B576861A93AC23D03 = { isa = "PBXBuildFile"; fileRef = "BA052EE83295E2210D68BF00"; };
5125A6423679979A25C09421 = { isa = "PBXFileReference"; lastKnownFileType = "sourcecode.swift"; path = "OpenWorkRemote/State/ConnectionState.swift"; sourceTree = "<group>"; };
12F98A8EBBA97E111D96230D = { isa = "PBXBuildFile"; fileRef = "5125A6423679979A25C09421"; };
A646CB9106F319BA5176D877 = { isa = "PBXFileReference"; lastKnownFileType = "sourcecode.swift"; path = "OpenWorkRemote/State/Groups/GroupStore.swift"; sourceTree = "<group>"; };
1D376AE215E5625BFC2B0E6D = { isa = "PBXBuildFile"; fileRef = "A646CB9106F319BA5176D877"; };
B35B833F19D7F8D417CAFA68 = { isa = "PBXFileReference"; lastKnownFileType = "sourcecode.swift"; path = "OpenWorkRemote/State/Information/ProductInformation.swift"; sourceTree = "<group>"; };
F696F18F526724C02BE8FF43 = { isa = "PBXBuildFile"; fileRef = "B35B833F19D7F8D417CAFA68"; };
84A0069DE0B3A4446158F18D = { isa = "PBXFileReference"; lastKnownFileType = "sourcecode.swift"; path = "OpenWorkRemote/State/Privacy/DataResetReport.swift"; sourceTree = "<group>"; };
20C998D28CD65A2A240A5993 = { isa = "PBXBuildFile"; fileRef = "84A0069DE0B3A4446158F18D"; };
F0C6D7105B1184FE54875C74 = { isa = "PBXFileReference"; lastKnownFileType = "sourcecode.swift"; path = "OpenWorkRemote/State/Questions/QuestionStore.swift"; sourceTree = "<group>"; };
EF9DCE2DB14750FFD289006F = { isa = "PBXBuildFile"; fileRef = "F0C6D7105B1184FE54875C74"; };
7E70A513A77BB39D17FBF05C = { isa = "PBXFileReference"; lastKnownFileType = "sourcecode.swift"; path = "OpenWorkRemote/State/Settings/WorkspaceDefaultsStore.swift"; sourceTree = "<group>"; };
1707E7317EA51293B081C0E7 = { isa = "PBXBuildFile"; fileRef = "7E70A513A77BB39D17FBF05C"; };
7BF2B3BE14DBFAC9CF173398 = { isa = "PBXFileReference"; lastKnownFileType = "sourcecode.swift"; path = "OpenWorkRemote/State/Skills/SkillStore.swift"; sourceTree = "<group>"; };
17A9F9550F504160BDA3A3BE = { isa = "PBXBuildFile"; fileRef = "7BF2B3BE14DBFAC9CF173398"; };
6256A892219A7DB3664B96F6 = { isa = "PBXFileReference"; lastKnownFileType = "sourcecode.swift"; path = "OpenWorkRemote/Storage/DeviceCredentialStore.swift"; sourceTree = "<group>"; };
3AA7D4047F6B3616C9CEB643 = { isa = "PBXBuildFile"; fileRef = "6256A892219A7DB3664B96F6"; };
9FF4CE2C6AEC291559C6BFDC = { isa = "PBXFileReference"; lastKnownFileType = "sourcecode.swift"; path = "OpenWorkRemote/Storage/DraftStore.swift"; sourceTree = "<group>"; };
053A05197613226F88722E64 = { isa = "PBXBuildFile"; fileRef = "9FF4CE2C6AEC291559C6BFDC"; };
1E662FA8CB0D2385190D92F4 = { isa = "PBXFileReference"; lastKnownFileType = "sourcecode.swift"; path = "OpenWorkRemote/Storage/ProtectedArtifactFiles.swift"; sourceTree = "<group>"; };
620838B6624B3206A7C571D2 = { isa = "PBXBuildFile"; fileRef = "1E662FA8CB0D2385190D92F4"; };
384FEB7BDB37412E54695329 = { isa = "PBXFileReference"; lastKnownFileType = "sourcecode.swift"; path = "OpenWorkRemote/Storage/ProtectedAttachmentFiles.swift"; sourceTree = "<group>"; };
A51FF772D52B29B6B93BDD77 = { isa = "PBXBuildFile"; fileRef = "384FEB7BDB37412E54695329"; };
DEA7111A8406E27CFC8BF5F4 = { isa = "PBXFileReference"; lastKnownFileType = "folder"; path = "OpenWorkRemote/Resources/Information"; sourceTree = "<group>"; };
4741C3F829CFC89718FB9D94 = { isa = "PBXBuildFile"; fileRef = "DEA7111A8406E27CFC8BF5F4"; };
8BF729FFE074CAEE622C0292 = { isa = "PBXFileReference"; lastKnownFileType = "folder.assetcatalog"; path = "OpenWorkRemote/Assets.xcassets"; sourceTree = "<group>"; };
214FAD66617094FC1E2341C1 = { isa = "PBXBuildFile"; fileRef = "8BF729FFE074CAEE622C0292"; };
F19B2011B74C8EB3E58FA0C6 = { isa = "PBXFileReference"; lastKnownFileType = "sourcecode.swift"; path = "OpenWorkRemoteUITests/AboutUITests.swift"; sourceTree = "<group>"; };
B85BCF9A1981CC90EBC16654 = { isa = "PBXBuildFile"; fileRef = "F19B2011B74C8EB3E58FA0C6"; };
40AD940FF71534AE41F08CBA = { isa = "PBXFileReference"; lastKnownFileType = "sourcecode.swift"; path = "OpenWorkRemoteUITests/ArtifactUITests.swift"; sourceTree = "<group>"; };
9C8288B35347C6111DCBAC7F = { isa = "PBXBuildFile"; fileRef = "40AD940FF71534AE41F08CBA"; };
CB2301C544A3809B7F8D56B7 = { isa = "PBXFileReference"; lastKnownFileType = "sourcecode.swift"; path = "OpenWorkRemoteUITests/AttachmentUITests.swift"; sourceTree = "<group>"; };
9D64C955FD68D6D3E04CBE0D = { isa = "PBXBuildFile"; fileRef = "CB2301C544A3809B7F8D56B7"; };
594F24A29FBE18BC321AFF54 = { isa = "PBXFileReference"; lastKnownFileType = "sourcecode.swift"; path = "OpenWorkRemoteUITests/ChangesUITests.swift"; sourceTree = "<group>"; };
C44792D34E8EED42697B9535 = { isa = "PBXBuildFile"; fileRef = "594F24A29FBE18BC321AFF54"; };
BD75AEBA52CDB54063113551 = { isa = "PBXFileReference"; lastKnownFileType = "sourcecode.swift"; path = "OpenWorkRemoteUITests/ChatActionUITests.swift"; sourceTree = "<group>"; };
35F36A3597AF9DBC54069DDF = { isa = "PBXBuildFile"; fileRef = "BD75AEBA52CDB54063113551"; };
D64919BC85568732A4A6AF47 = { isa = "PBXFileReference"; lastKnownFileType = "sourcecode.swift"; path = "OpenWorkRemoteUITests/ChatTests.swift"; sourceTree = "<group>"; };
815E2D22F5B8B2351678FDFE = { isa = "PBXBuildFile"; fileRef = "D64919BC85568732A4A6AF47"; };
BD4C05F9DE8FE5FE4C0C959A = { isa = "PBXFileReference"; lastKnownFileType = "sourcecode.swift"; path = "OpenWorkRemoteUITests/DataControlsUITests.swift"; sourceTree = "<group>"; };
60EE384C09290C0AF196B795 = { isa = "PBXBuildFile"; fileRef = "BD4C05F9DE8FE5FE4C0C959A"; };
FD0ABD19E5BC168DEF072C46 = { isa = "PBXFileReference"; lastKnownFileType = "sourcecode.swift"; path = "OpenWorkRemoteUITests/GroupUITests.swift"; sourceTree = "<group>"; };
6B049A6C6DB3C733F5F1EBAC = { isa = "PBXBuildFile"; fileRef = "FD0ABD19E5BC168DEF072C46"; };
6FD5E87626ACE1DE3D5D0836 = { isa = "PBXFileReference"; lastKnownFileType = "sourcecode.swift"; path = "OpenWorkRemoteUITests/LiveArtifactUITests.swift"; sourceTree = "<group>"; };
1E597B359CE8AC2C1BBD4D6B = { isa = "PBXBuildFile"; fileRef = "6FD5E87626ACE1DE3D5D0836"; };
32F7F007429E0952CF9BBA74 = { isa = "PBXFileReference"; lastKnownFileType = "sourcecode.swift"; path = "OpenWorkRemoteUITests/LiveAttachmentUITests.swift"; sourceTree = "<group>"; };
347280F942C51ADFE2C35E8D = { isa = "PBXBuildFile"; fileRef = "32F7F007429E0952CF9BBA74"; };
BA7A54B4025C39B8AA078FFB = { isa = "PBXFileReference"; lastKnownFileType = "sourcecode.swift"; path = "OpenWorkRemoteUITests/LiveChangesUITests.swift"; sourceTree = "<group>"; };
2D207A41426FD750A177FFF3 = { isa = "PBXBuildFile"; fileRef = "BA7A54B4025C39B8AA078FFB"; };
6A683C2E2CE8EF3FC5C9D5C0 = { isa = "PBXFileReference"; lastKnownFileType = "sourcecode.swift"; path = "OpenWorkRemoteUITests/LiveChatActionUITests.swift"; sourceTree = "<group>"; };
B84EFCE6A9CE593050E21468 = { isa = "PBXBuildFile"; fileRef = "6A683C2E2CE8EF3FC5C9D5C0"; };
ED38F9DD4BA939094DB57B8E = { isa = "PBXFileReference"; lastKnownFileType = "sourcecode.swift"; path = "OpenWorkRemoteUITests/LiveGroupUITests.swift"; sourceTree = "<group>"; };
8E49C7DCAF9553C14BD3D119 = { isa = "PBXBuildFile"; fileRef = "ED38F9DD4BA939094DB57B8E"; };
646269D5831B565B209A29CC = { isa = "PBXFileReference"; lastKnownFileType = "sourcecode.swift"; path = "OpenWorkRemoteUITests/LiveQuestionUITests.swift"; sourceTree = "<group>"; };
3EBD35191303E7EE4A3B0BC1 = { isa = "PBXBuildFile"; fileRef = "646269D5831B565B209A29CC"; };
A990FA35A0ABA757C1F38F08 = { isa = "PBXFileReference"; lastKnownFileType = "sourcecode.swift"; path = "OpenWorkRemoteUITests/LiveSearchUITests.swift"; sourceTree = "<group>"; };
915B6CC11900841D075D5796 = { isa = "PBXBuildFile"; fileRef = "A990FA35A0ABA757C1F38F08"; };
D22D5A7B2115DC3BE4B240B5 = { isa = "PBXFileReference"; lastKnownFileType = "sourcecode.swift"; path = "OpenWorkRemoteUITests/LiveSkillUITests.swift"; sourceTree = "<group>"; };
04529877F43E79D4FCA3E094 = { isa = "PBXBuildFile"; fileRef = "D22D5A7B2115DC3BE4B240B5"; };
5D73B427F1E25E2840241C60 = { isa = "PBXFileReference"; lastKnownFileType = "sourcecode.swift"; path = "OpenWorkRemoteUITests/LiveWorkspaceDefaultsUITests.swift"; sourceTree = "<group>"; };
3EAE9979BD85929FCCEB1C30 = { isa = "PBXBuildFile"; fileRef = "5D73B427F1E25E2840241C60"; };
752F6A971A9BFD73B3F87B04 = { isa = "PBXFileReference"; lastKnownFileType = "sourcecode.swift"; path = "OpenWorkRemoteUITests/OnboardingTests.swift"; sourceTree = "<group>"; };
C2173DC559B95C9BA9EC2C07 = { isa = "PBXBuildFile"; fileRef = "752F6A971A9BFD73B3F87B04"; };
B7AC2CCC7DC0951E80AC3947 = { isa = "PBXFileReference"; lastKnownFileType = "sourcecode.swift"; path = "OpenWorkRemoteUITests/PerformanceStressTests.swift"; sourceTree = "<group>"; };
482488E57698C037EF5F2137 = { isa = "PBXBuildFile"; fileRef = "B7AC2CCC7DC0951E80AC3947"; };
A69369301ABDC5058E93D115 = { isa = "PBXFileReference"; lastKnownFileType = "sourcecode.swift"; path = "OpenWorkRemoteUITests/PermissionsTests.swift"; sourceTree = "<group>"; };
6573E9D3BF25E41E4DB0FF23 = { isa = "PBXBuildFile"; fileRef = "A69369301ABDC5058E93D115"; };
9A6B50A3C68CEFE1592D6B7B = { isa = "PBXFileReference"; lastKnownFileType = "sourcecode.swift"; path = "OpenWorkRemoteUITests/QuestionUITests.swift"; sourceTree = "<group>"; };
AEA480FAC22375A6471F7435 = { isa = "PBXBuildFile"; fileRef = "9A6B50A3C68CEFE1592D6B7B"; };
323CEB6885DB30510A3BEE38 = { isa = "PBXFileReference"; lastKnownFileType = "sourcecode.swift"; path = "OpenWorkRemoteUITests/ResponsivenessTests.swift"; sourceTree = "<group>"; };
1EAFB9484A41E513112B98C8 = { isa = "PBXBuildFile"; fileRef = "323CEB6885DB30510A3BEE38"; };
8C6959136B1A80F119F5584B = { isa = "PBXFileReference"; lastKnownFileType = "sourcecode.swift"; path = "OpenWorkRemoteUITests/SearchUITests.swift"; sourceTree = "<group>"; };
1B158EF139E90F00A2C36BF2 = { isa = "PBXBuildFile"; fileRef = "8C6959136B1A80F119F5584B"; };
8C6BA1DC8B4BB19B9DA1701E = { isa = "PBXFileReference"; lastKnownFileType = "sourcecode.swift"; path = "OpenWorkRemoteUITests/SkillUITests.swift"; sourceTree = "<group>"; };
1F532C08FAA776B8BFCF651E = { isa = "PBXBuildFile"; fileRef = "8C6BA1DC8B4BB19B9DA1701E"; };
BEAAA70AB295863ED1EE31C2 = { isa = "PBXFileReference"; lastKnownFileType = "sourcecode.swift"; path = "OpenWorkRemoteUITests/WorkspaceDefaultsUITests.swift"; sourceTree = "<group>"; };
0AA8AD9773988FC2D75087B5 = { isa = "PBXBuildFile"; fileRef = "BEAAA70AB295863ED1EE31C2"; };
E17E80AD8E2103CF3FC3FD96 = { isa = "PBXGroup"; children = ( "8B6E13812011A4A70BA10A6C", "E73332234A12810229140EDA", "A156D95484180AF01D7B14A1", "75561AEA760CC4E0294D428B", "7F8C31E186FF0E79FD5AC971", "10E69CE0A696F4B60FF3236B", "44EB5B5F9BB83051600D4B3F", "80C9A5C0D2C40A0A706A70F8", "598F157BD1860D4DFD614ACA", "D8BF931EDBB585CA3391B065", "7F4D7F5665E22DFFECBBB1E2", "BC64145AA51BCE0C50D8EBCE", "BEFCBF1CE612720B01943EED", "9D1DFBB967D07B4929D06785", "99DD85F308EEEBDBE01A069E", "716E3C399EBE34323F8C6391", "01077A6323C4ECDC68FDE5EB", "B11070435E4DAB72830CAF91", "DA0190A8D7256AF2597055DD", "B79A5F2E04862D107CF5832D", "8331B2A7FD35DF072F2B3A11", "310B0CB33772C9C7C7D85240", "7CA52B9965B69E1B1978381C", "7E965FA6C6996D1EA8C4B45E", "BC8262A7965200F7A25DC50D", "46D181C62B887F4DB8CEC163", "F10F19182C7CABB2486362CB", "0FD0129190225455515768F9", "9E61C7E515E61035BAC4C36B", "688ADF2A74CE5680123982C1", "5F362D95FB2BA40A4B5863DF", "D9466A0A9BCEBDE010EEE722", "FAE7985E68EC496C3FD3AB48", "88832AC425B3AB3AC66CB18D", "20C21992783FAB5ABDE5DB55", "E184740B69F4C626CF1785F5", "952647FC2D267631BB345129", "5C74CF2D51A5D90F10023232", "EEA54B7692A9BCDBA88EFA13", "7AA93D6229669C55446DE75F", "9FEC48145A20EDFDDB24FF54", "82DA4BA06658D57FDB85AF08", "39E654611431EBCD13DB57B7", "BCB4B56DFC02CD1B965AC295", "E50E7B6B199C63EC46E66ED1", "91CAA5229F9FDA531A821679", "BA052EE83295E2210D68BF00", "5125A6423679979A25C09421", "A646CB9106F319BA5176D877", "B35B833F19D7F8D417CAFA68", "84A0069DE0B3A4446158F18D", "F0C6D7105B1184FE54875C74", "7E70A513A77BB39D17FBF05C", "7BF2B3BE14DBFAC9CF173398", "6256A892219A7DB3664B96F6", "9FF4CE2C6AEC291559C6BFDC", "1E662FA8CB0D2385190D92F4", "384FEB7BDB37412E54695329", "DEA7111A8406E27CFC8BF5F4", "8BF729FFE074CAEE622C0292" ); name = "OpenWorkRemote"; sourceTree = "<group>"; };
781CAA6738A604344AE86EE3 = { isa = "PBXGroup"; children = ( "F19B2011B74C8EB3E58FA0C6", "40AD940FF71534AE41F08CBA", "CB2301C544A3809B7F8D56B7", "594F24A29FBE18BC321AFF54", "BD75AEBA52CDB54063113551", "D64919BC85568732A4A6AF47", "BD4C05F9DE8FE5FE4C0C959A", "FD0ABD19E5BC168DEF072C46", "6FD5E87626ACE1DE3D5D0836", "32F7F007429E0952CF9BBA74", "BA7A54B4025C39B8AA078FFB", "6A683C2E2CE8EF3FC5C9D5C0", "ED38F9DD4BA939094DB57B8E", "646269D5831B565B209A29CC", "A990FA35A0ABA757C1F38F08", "D22D5A7B2115DC3BE4B240B5", "5D73B427F1E25E2840241C60", "752F6A971A9BFD73B3F87B04", "B7AC2CCC7DC0951E80AC3947", "A69369301ABDC5058E93D115", "9A6B50A3C68CEFE1592D6B7B", "323CEB6885DB30510A3BEE38", "8C6959136B1A80F119F5584B", "8C6BA1DC8B4BB19B9DA1701E", "BEAAA70AB295863ED1EE31C2" ); name = "OpenWorkRemoteUITests"; sourceTree = "<group>"; };
0A3E27B8CA818264D75C8D81 = { isa = "PBXGroup"; children = ( "AE0042EC290704DA7E641B97", "E7F08BCC397888750F5CB9BD" ); name = "Products"; sourceTree = "<group>"; };
0D6E4079E36703EBD37C0072 = { isa = "PBXGroup"; children = ( "E17E80AD8E2103CF3FC3FD96", "781CAA6738A604344AE86EE3", "0A3E27B8CA818264D75C8D81" ); sourceTree = "<group>"; };
AAA88E5F2E13CBF6727DD19B = { isa = "XCLocalSwiftPackageReference"; relativePath = "."; };
8473FB7C391915EE75DAD5DA = { isa = "XCSwiftPackageProductDependency"; package = "AAA88E5F2E13CBF6727DD19B"; productName = "OpenWorkRemoteCore"; };
91596F6079D535D734C1642A = { isa = "PBXBuildFile"; productRef = "8473FB7C391915EE75DAD5DA"; };
6BAB02B549A96CC50D0CA977 = { isa = "PBXSourcesBuildPhase"; buildActionMask = "2147483647"; files = ( "E76163BDE0FFAFAB5852C894", "F49968CE666708AAC098152B", "13055C3AB42E2CF2F132D1E3", "B8445F688997EAC3A9273EE4", "92CA09F9C1B63743B4A9FE7A", "DE811E0CF8EB5A6667FE1CBA", "AA3A5213BB476FFBBA926FED", "5EC364F3C3EBAB1865FA9506", "4B281FEF3A01271A4C4D97A2", "FC687820995407C8338BD784", "4E2C93C166351DFDF8B3AA41", "9C17A7F591FE5C0AB36C53E1", "D47973672C4E22C557B64DB9", "68709D48AE480E6CC8DE2C81", "52AA0E605F1E12690EE84335", "538A7095559E2DD13CFD50D3", "497D16776424CD74E6E5C4F6", "17468F0AAA8077FDD5DCA622", "4ABDB4CF05A182E9EF0DF9A4", "6C47C87EAF3D02E42E68F380", "CB720E785CD0473A08F4A412", "582B7696C72646E8BA90608A", "8E50EA3672683D92AFE4B174", "4BA319342C68A27E8BBB0BC4", "934D162F65D58DE1A470398B", "4EDAF07F0E00D3506AEEAE03", "081ECC5DEB08AF601C3F81FC", "06A5E290548A5EEE5B19329C", "952A89754BAC75DEA595A8D2", "CE13AF41D9655A89E98B89BA", "335DB5ED7CC70BE949666AFF", "BF3E7A017EA46DE0426E56A8", "9ED7297A8729F3899B7E645A", "B938B451704390A0F33B1D7E", "B5CC56D186E85231E01F6EFD", "93A029967527221F0A91E46E", "ABEE9EB6755E88DEC81D377D", "18B365F0AA1C296D102E7DF5", "35B1F8041EBFE0CF49C90663", "5D3243945D042875EBF8FF5D", "824CAD1871516CC41AE381A2", "E7A6EC4CF6885599E38A17A5", "AB86E1942852858CDE264916", "626122DFF77C0209037EA08D", "1A634B55E61727030F486B6A", "C481447B576861A93AC23D03", "12F98A8EBBA97E111D96230D", "1D376AE215E5625BFC2B0E6D", "F696F18F526724C02BE8FF43", "20C998D28CD65A2A240A5993", "EF9DCE2DB14750FFD289006F", "1707E7317EA51293B081C0E7", "17A9F9550F504160BDA3A3BE", "3AA7D4047F6B3616C9CEB643", "053A05197613226F88722E64", "620838B6624B3206A7C571D2", "A51FF772D52B29B6B93BDD77" ); runOnlyForDeploymentPostprocessing = "0"; };
0B9FE73CEE9FD1140E9E25ED = { isa = "PBXResourcesBuildPhase"; buildActionMask = "2147483647"; files = ( "0C3DB3244FEE22230E838243", "4741C3F829CFC89718FB9D94", "214FAD66617094FC1E2341C1" ); runOnlyForDeploymentPostprocessing = "0"; };
093A8EEF16CCA81BE763994D = { isa = "PBXFrameworksBuildPhase"; buildActionMask = "2147483647"; files = ( "91596F6079D535D734C1642A" ); runOnlyForDeploymentPostprocessing = "0"; };
B00CCDD09424E369308D67FA = { isa = "XCBuildConfiguration"; name = "Debug"; buildSettings = { PRODUCT_NAME = "$(TARGET_NAME)"; IPHONEOS_DEPLOYMENT_TARGET = "18.0"; SWIFT_VERSION = "6.0"; CLANG_ENABLE_MODULES = "YES"; SDKROOT = "iphoneos"; TARGETED_DEVICE_FAMILY = "1,2"; CODE_SIGN_STYLE = "Automatic"; MARKETING_VERSION = "0.1.0"; CURRENT_PROJECT_VERSION = "6"; ENABLE_USER_SCRIPT_SANDBOXING = "YES"; PRODUCT_BUNDLE_IDENTIFIER = "com.saltypanda.openworkremote"; INFOPLIST_FILE = "OpenWorkRemote/Info.plist"; GENERATE_INFOPLIST_FILE = "NO"; ASSETCATALOG_COMPILER_APPICON_NAME = "AppIcon"; SWIFT_OPTIMIZATION_LEVEL = "-Onone"; DEBUG_INFORMATION_FORMAT = "dwarf"; SWIFT_ACTIVE_COMPILATION_CONDITIONS = "DEBUG"; ONLY_ACTIVE_ARCH = "YES"; }; };
1B104479E55E37CF8A63CBDF = { isa = "XCBuildConfiguration"; name = "Release"; buildSettings = { PRODUCT_NAME = "$(TARGET_NAME)"; IPHONEOS_DEPLOYMENT_TARGET = "18.0"; SWIFT_VERSION = "6.0"; CLANG_ENABLE_MODULES = "YES"; SDKROOT = "iphoneos"; TARGETED_DEVICE_FAMILY = "1,2"; CODE_SIGN_STYLE = "Automatic"; MARKETING_VERSION = "0.1.0"; CURRENT_PROJECT_VERSION = "6"; ENABLE_USER_SCRIPT_SANDBOXING = "YES"; PRODUCT_BUNDLE_IDENTIFIER = "com.saltypanda.openworkremote"; INFOPLIST_FILE = "OpenWorkRemote/Info.plist"; GENERATE_INFOPLIST_FILE = "NO"; ASSETCATALOG_COMPILER_APPICON_NAME = "AppIcon"; SWIFT_OPTIMIZATION_LEVEL = "-O"; DEBUG_INFORMATION_FORMAT = "dwarf-with-dsym"; }; };
06CB67C35A91E16DBD17B949 = { isa = "XCConfigurationList"; buildConfigurations = ( "B00CCDD09424E369308D67FA", "1B104479E55E37CF8A63CBDF" ); defaultConfigurationIsVisible = "0"; defaultConfigurationName = "Release"; };
E7A3CDEFEB9193C848ACCD43 = { isa = "PBXNativeTarget"; name = "OpenWorkRemote"; productName = "OpenWorkRemote"; productReference = "AE0042EC290704DA7E641B97"; productType = "com.apple.product-type.application"; buildPhases = ( "6BAB02B549A96CC50D0CA977", "093A8EEF16CCA81BE763994D", "0B9FE73CEE9FD1140E9E25ED" ); buildRules = (  ); dependencies = (  ); packageProductDependencies = ( "8473FB7C391915EE75DAD5DA" ); buildConfigurationList = "06CB67C35A91E16DBD17B949"; };
798B65A4B63A4D08FDD4C755 = { isa = "PBXSourcesBuildPhase"; buildActionMask = "2147483647"; files = ( "B85BCF9A1981CC90EBC16654", "9C8288B35347C6111DCBAC7F", "9D64C955FD68D6D3E04CBE0D", "C44792D34E8EED42697B9535", "35F36A3597AF9DBC54069DDF", "815E2D22F5B8B2351678FDFE", "60EE384C09290C0AF196B795", "6B049A6C6DB3C733F5F1EBAC", "1E597B359CE8AC2C1BBD4D6B", "347280F942C51ADFE2C35E8D", "2D207A41426FD750A177FFF3", "B84EFCE6A9CE593050E21468", "8E49C7DCAF9553C14BD3D119", "3EBD35191303E7EE4A3B0BC1", "915B6CC11900841D075D5796", "04529877F43E79D4FCA3E094", "3EAE9979BD85929FCCEB1C30", "C2173DC559B95C9BA9EC2C07", "482488E57698C037EF5F2137", "6573E9D3BF25E41E4DB0FF23", "AEA480FAC22375A6471F7435", "1EAFB9484A41E513112B98C8", "1B158EF139E90F00A2C36BF2", "1F532C08FAA776B8BFCF651E", "0AA8AD9773988FC2D75087B5" ); runOnlyForDeploymentPostprocessing = "0"; };
7013BA37050D58AE7A3FB8FE = { isa = "PBXResourcesBuildPhase"; buildActionMask = "2147483647"; files = (  ); runOnlyForDeploymentPostprocessing = "0"; };
497639E2F38DB3F946CE62A2 = { isa = "PBXFrameworksBuildPhase"; buildActionMask = "2147483647"; files = (  ); runOnlyForDeploymentPostprocessing = "0"; };
55F2C72079A501331B2F2DD4 = { isa = "PBXContainerItemProxy"; containerPortal = "244210E48437B6556980A702"; proxyType = "1"; remoteGlobalIDString = "E7A3CDEFEB9193C848ACCD43"; remoteInfo = "OpenWorkRemote"; };
F26350DAFE3F19AABFD69AC4 = { isa = "PBXTargetDependency"; target = "E7A3CDEFEB9193C848ACCD43"; targetProxy = "55F2C72079A501331B2F2DD4"; };
DD3F495F7D6A5AA1C1769021 = { isa = "XCBuildConfiguration"; name = "Debug"; buildSettings = { PRODUCT_NAME = "$(TARGET_NAME)"; IPHONEOS_DEPLOYMENT_TARGET = "18.0"; SWIFT_VERSION = "6.0"; CLANG_ENABLE_MODULES = "YES"; SDKROOT = "iphoneos"; TARGETED_DEVICE_FAMILY = "1,2"; CODE_SIGN_STYLE = "Automatic"; MARKETING_VERSION = "0.1.0"; CURRENT_PROJECT_VERSION = "6"; ENABLE_USER_SCRIPT_SANDBOXING = "YES"; PRODUCT_BUNDLE_IDENTIFIER = "com.saltypanda.openworkremote.uitests"; GENERATE_INFOPLIST_FILE = "YES"; TEST_TARGET_NAME = "OpenWorkRemote"; SWIFT_OPTIMIZATION_LEVEL = "-Onone"; DEBUG_INFORMATION_FORMAT = "dwarf"; SWIFT_ACTIVE_COMPILATION_CONDITIONS = "DEBUG"; ONLY_ACTIVE_ARCH = "YES"; }; };
E670BC2FFE794172EBC92AE3 = { isa = "XCBuildConfiguration"; name = "Release"; buildSettings = { PRODUCT_NAME = "$(TARGET_NAME)"; IPHONEOS_DEPLOYMENT_TARGET = "18.0"; SWIFT_VERSION = "6.0"; CLANG_ENABLE_MODULES = "YES"; SDKROOT = "iphoneos"; TARGETED_DEVICE_FAMILY = "1,2"; CODE_SIGN_STYLE = "Automatic"; MARKETING_VERSION = "0.1.0"; CURRENT_PROJECT_VERSION = "6"; ENABLE_USER_SCRIPT_SANDBOXING = "YES"; PRODUCT_BUNDLE_IDENTIFIER = "com.saltypanda.openworkremote.uitests"; GENERATE_INFOPLIST_FILE = "YES"; TEST_TARGET_NAME = "OpenWorkRemote"; SWIFT_OPTIMIZATION_LEVEL = "-O"; DEBUG_INFORMATION_FORMAT = "dwarf-with-dsym"; }; };
5FA394EFD07597E96CACD8E1 = { isa = "XCConfigurationList"; buildConfigurations = ( "DD3F495F7D6A5AA1C1769021", "E670BC2FFE794172EBC92AE3" ); defaultConfigurationIsVisible = "0"; defaultConfigurationName = "Release"; };
E5B4A42C1A9B11F842B19C64 = { isa = "PBXNativeTarget"; name = "OpenWorkRemoteUITests"; productName = "OpenWorkRemoteUITests"; productReference = "E7F08BCC397888750F5CB9BD"; productType = "com.apple.product-type.bundle.ui-testing"; buildPhases = ( "798B65A4B63A4D08FDD4C755", "497639E2F38DB3F946CE62A2", "7013BA37050D58AE7A3FB8FE" ); buildRules = (  ); dependencies = ( "F26350DAFE3F19AABFD69AC4" ); buildConfigurationList = "5FA394EFD07597E96CACD8E1"; };
73EBF6644258C120893E685D = { isa = "XCBuildConfiguration"; name = "Debug"; buildSettings = { PRODUCT_NAME = "$(TARGET_NAME)"; IPHONEOS_DEPLOYMENT_TARGET = "18.0"; SWIFT_VERSION = "6.0"; CLANG_ENABLE_MODULES = "YES"; SDKROOT = "iphoneos"; TARGETED_DEVICE_FAMILY = "1,2"; CODE_SIGN_STYLE = "Automatic"; MARKETING_VERSION = "0.1.0"; CURRENT_PROJECT_VERSION = "6"; ENABLE_USER_SCRIPT_SANDBOXING = "YES"; SWIFT_OPTIMIZATION_LEVEL = "-Onone"; DEBUG_INFORMATION_FORMAT = "dwarf"; SWIFT_ACTIVE_COMPILATION_CONDITIONS = "DEBUG"; ONLY_ACTIVE_ARCH = "YES"; }; };
0B0C687DF8B6B8DC790B519C = { isa = "XCBuildConfiguration"; name = "Release"; buildSettings = { PRODUCT_NAME = "$(TARGET_NAME)"; IPHONEOS_DEPLOYMENT_TARGET = "18.0"; SWIFT_VERSION = "6.0"; CLANG_ENABLE_MODULES = "YES"; SDKROOT = "iphoneos"; TARGETED_DEVICE_FAMILY = "1,2"; CODE_SIGN_STYLE = "Automatic"; MARKETING_VERSION = "0.1.0"; CURRENT_PROJECT_VERSION = "6"; ENABLE_USER_SCRIPT_SANDBOXING = "YES"; SWIFT_OPTIMIZATION_LEVEL = "-O"; DEBUG_INFORMATION_FORMAT = "dwarf-with-dsym"; }; };
76F8DEC3DFE0BDB465198890 = { isa = "XCConfigurationList"; buildConfigurations = ( "73EBF6644258C120893E685D", "0B0C687DF8B6B8DC790B519C" ); defaultConfigurationIsVisible = "0"; defaultConfigurationName = "Release"; };
244210E48437B6556980A702 = { isa = "PBXProject"; attributes = { BuildIndependentTargetsInParallel = "YES"; LastUpgradeCheck = "2700"; TargetAttributes = { E7A3CDEFEB9193C848ACCD43 = { CreatedOnToolsVersion = "27.0"; }; E5B4A42C1A9B11F842B19C64 = { CreatedOnToolsVersion = "27.0"; TestTargetID = "E7A3CDEFEB9193C848ACCD43"; }; }; }; buildConfigurationList = "76F8DEC3DFE0BDB465198890"; compatibilityVersion = "Xcode 14.0"; developmentRegion = "en"; hasScannedForEncodings = "0"; knownRegions = ( "en", "Base" ); mainGroup = "0D6E4079E36703EBD37C0072"; productRefGroup = "0A3E27B8CA818264D75C8D81"; projectDirPath = ""; projectRoot = ""; packageReferences = ( "AAA88E5F2E13CBF6727DD19B" ); targets = ( "E7A3CDEFEB9193C848ACCD43", "E5B4A42C1A9B11F842B19C64" ); };
}; rootObject = 244210E48437B6556980A702; }
